
Microsoft Visual Studio Solution File, Format Version 12.00
# Visual Studio Version 16
VisualStudioVersion = 25.0.1705.4
MinimumVisualStudioVersion = 10.0.40219.1
Project("{FAE04EC0-301F-11D3-BF4B-00C04F79EFBC}") = "Task1", "Task1\Task1.csproj", "{2D46637D-C010-4D82-B13B-3A20C1E00912}"
EndProject
Project("{FAE04EC0-301F-11D3-BF4B-00C04F79EFBC}") = "Task2", "Task2\Task2.csproj", "{974E730E-937C-438B-B3E2-216FC5ED935D}"
EndProject
Global
	GlobalSection(SolutionConfigurationPlatforms) = preSolution
		Debug|Any CPU = Debug|Any CPU
		Release|Any CPU = Release|Any CPU
	EndGlobalSection
	GlobalSection(ProjectConfigurationPlatforms) = postSolution
		{2D46637D-C010-4D82-B13B-3A20C1E00912}.Debug|Any CPU.ActiveCfg = Debug|Any CPU
		{2D46637D-C010-4D82-B13B-3A20C1E00912}.Debug|Any CPU.Build.0 = Debug|Any CPU
		{2D46637D-C010-4D82-B13B-3A20C1E00912}.Release|Any CPU.ActiveCfg = Release|Any CPU
		{2D46637D-C010-4D82-B13B-3A20C1E00912}.Release|Any CPU.Build.0 = Release|Any CPU
		{974E730E-937C-438B-B3E2-216FC5ED935D}.Debug|Any CPU.ActiveCfg = Debug|Any CPU
		{974E730E-937C-438B-B3E2-216FC5ED935D}.Debug|Any CPU.Build.0 = Debug|Any CPU
		{974E730E-937C-438B-B3E2-216FC5ED935D}.Release|Any CPU.ActiveCfg = Release|Any CPU
		{974E730E-937C-438B-B3E2-216FC5ED935D}.Release|Any CPU.Build.0 = Release|Any CPU
	EndGlobalSection
	GlobalSection(SolutionProperties) = preSolution
		HideSolutionNode = FALSE
	EndGlobalSection
	GlobalSection(ExtensibilityGlobals) = postSolution
		SolutionGuid = {9664D116-9837-4E0F-8C5B-EB43159C6FE1}
	EndGlobalSection
EndGlobal
