
Microsoft Visual Studio Solution File, Format Version 12.00
# Visual Studio Version 16
VisualStudioVersion = 25.0.1705.4
MinimumVisualStudioVersion = 10.0.40219.1
Project("{FAE04EC0-301F-11D3-BF4B-00C04F79EFBC}") = "Traffic_lights", "Traffic_lights\Traffic_lights.csproj", "{39854C47-6ECF-433F-8DCF-2DBE29BA6FB4}"
EndProject
Global
	GlobalSection(SolutionConfigurationPlatforms) = preSolution
		Debug|Any CPU = Debug|Any CPU
		Release|Any CPU = Release|Any CPU
	EndGlobalSection
	GlobalSection(ProjectConfigurationPlatforms) = postSolution
		{39854C47-6ECF-433F-8DCF-2DBE29BA6FB4}.Debug|Any CPU.ActiveCfg = Debug|Any CPU
		{39854C47-6ECF-433F-8DCF-2DBE29BA6FB4}.Debug|Any CPU.Build.0 = Debug|Any CPU
		{39854C47-6ECF-433F-8DCF-2DBE29BA6FB4}.Release|Any CPU.ActiveCfg = Release|Any CPU
		{39854C47-6ECF-433F-8DCF-2DBE29BA6FB4}.Release|Any CPU.Build.0 = Release|Any CPU
	EndGlobalSection
	GlobalSection(SolutionProperties) = preSolution
		HideSolutionNode = FALSE
	EndGlobalSection
	GlobalSection(ExtensibilityGlobals) = postSolution
		SolutionGuid = {C3989771-BEBA-4963-BCB7-39562FF2AB7B}
	EndGlobalSection
EndGlobal
